
Microsoft Visual Studio Solution File, Format Version 12.00
# Visual Studio Version 17
VisualStudioVersion = 17.5.33516.290
MinimumVisualStudioVersion = 10.0.40219.1
Project("{FAE04EC0-301F-11D3-BF4B-00C04F79EFBC}") = "QLThiTracNghiem", "QLThiTracNghiem\QLThiTracNghiem.csproj", "{464712D7-722C-4596-A956-5DFD0717D79A}"
EndProject
Global
	GlobalSection(SolutionConfigurationPlatforms) = preSolution
		Debug|Any CPU = Debug|Any CPU
		Release|Any CPU = Release|Any CPU
	EndGlobalSection
	GlobalSection(ProjectConfigurationPlatforms) = postSolution
		{464712D7-722C-4596-A956-5DFD0717D79A}.Debug|Any CPU.ActiveCfg = Debug|Any CPU
		{464712D7-722C-4596-A956-5DFD0717D79A}.Debug|Any CPU.Build.0 = Debug|Any CPU
		{464712D7-722C-4596-A956-5DFD0717D79A}.Release|Any CPU.ActiveCfg = Release|Any CPU
		{464712D7-722C-4596-A956-5DFD0717D79A}.Release|Any CPU.Build.0 = Release|Any CPU
	EndGlobalSection
	GlobalSection(SolutionProperties) = preSolution
		HideSolutionNode = FALSE
	EndGlobalSection
	GlobalSection(ExtensibilityGlobals) = postSolution
		SolutionGuid = {94FEA5A9-0382-4DCD-9361-A7F1EAD3173D}
	EndGlobalSection
EndGlobal
